// !$*UTF8*$!
{
	archiveVersion = 1;
	classes = {
	};
	objectVersion = 52;
	objects = {

/* Begin PBXBuildFile section */
		092F94FC269A376C0030AB4C /* LeftPaddedTextField.swift in Sources */ = {isa = PBXBuildFile; fileRef = 092F94FB269A376C0030AB4C /* LeftPaddedTextField.swift */; };
		A01A3386269A0D3200FC0A63 /* AppDelegate.swift in Sources */ = {isa = PBXBuildFile; fileRef = A01A3385269A0D3200FC0A63 /* AppDelegate.swift */; };
		A01A3388269A0D3200FC0A63 /* SceneDelegate.swift in Sources */ = {isa = PBXBuildFile; fileRef = A01A3387269A0D3200FC0A63 /* SceneDelegate.swift */; };
		A01A338A269A0D3200FC0A63 /* LoginFormController.swift in Sources */ = {isa = PBXBuildFile; fileRef = A01A3389269A0D3200FC0A63 /* LoginFormController.swift */; };
		A01A338D269A0D3200FC0A63 /* Main.storyboard in Resources */ = {isa = PBXBuildFile; fileRef = A01A338B269A0D3200FC0A63 /* Main.storyboard */; };
		A01A3392269A0D3400FC0A63 /* LaunchScreen.storyboard in Resources */ = {isa = PBXBuildFile; fileRef = A01A3390269A0D3400FC0A63 /* LaunchScreen.storyboard */; };
		A01A339C269A396400FC0A63 /* Extensions.swift in Sources */ = {isa = PBXBuildFile; fileRef = A01A339B269A396400FC0A63 /* Extensions.swift */; };
		A02F900626B4501600CD888D /* CustomLikeControl.swift in Sources */ = {isa = PBXBuildFile; fileRef = A02F900526B4501600CD888D /* CustomLikeControl.swift */; };
		A02F900A26B5516700CD888D /* LettersControl.swift in Sources */ = {isa = PBXBuildFile; fileRef = A02F900926B5516700CD888D /* LettersControl.swift */; };
		A02F901626B6F7C100CD888D /* FriendsGroup.swift in Sources */ = {isa = PBXBuildFile; fileRef = A02F901526B6F7C100CD888D /* FriendsGroup.swift */; };
		A02F901E26B9AF2B00CD888D /* NewsTableViewCell.swift in Sources */ = {isa = PBXBuildFile; fileRef = A02F901C26B9AF2B00CD888D /* NewsTableViewCell.swift */; };
		A02F902326B9BAA000CD888D /* News.swift in Sources */ = {isa = PBXBuildFile; fileRef = A02F902226B9BAA000CD888D /* News.swift */; };
		A02F902726BB04BE00CD888D /* NewsImagesCollectionViewCell.swift in Sources */ = {isa = PBXBuildFile; fileRef = A02F902626BB04BE00CD888D /* NewsImagesCollectionViewCell.swift */; };
		A02F902926BB0A7600CD888D /* CustomHeader.swift in Sources */ = {isa = PBXBuildFile; fileRef = A02F902826BB0A7600CD888D /* CustomHeader.swift */; };
		A02F902D26BB122F00CD888D /* Assets.xcassets in Resources */ = {isa = PBXBuildFile; fileRef = A02F902C26BB122F00CD888D /* Assets.xcassets */; };
		A02F903026BC331B00CD888D /* NewsImagesCollectionView.swift in Sources */ = {isa = PBXBuildFile; fileRef = A02F902F26BC331B00CD888D /* NewsImagesCollectionView.swift */; };
		A058FB6D26F3E40500011476 /* RoundedButton.swift in Sources */ = {isa = PBXBuildFile; fileRef = A058FB6C26F3E40500011476 /* RoundedButton.swift */; };
		A058FB7026F3EA6100011476 /* SwiftKeychainWrapper in Frameworks */ = {isa = PBXBuildFile; productRef = A058FB6F26F3EA6100011476 /* SwiftKeychainWrapper */; };
		A058FB7226F3EB3000011476 /* KeychainUser.swift in Sources */ = {isa = PBXBuildFile; fileRef = A058FB7126F3EB3000011476 /* KeychainUser.swift */; };
		A095C01126C7AFD000E26644 /* VKLoaderView.swift in Sources */ = {isa = PBXBuildFile; fileRef = A095C01026C7AFD000E26644 /* VKLoaderView.swift */; };
		A095C01426C7B2A700E26644 /* SurveyFriendsPhotoViewController.swift in Sources */ = {isa = PBXBuildFile; fileRef = A095C01326C7B2A700E26644 /* SurveyFriendsPhotoViewController.swift */; };
		A095C02226CA90F200E26644 /* CustomInteractiveTransition.swift in Sources */ = {isa = PBXBuildFile; fileRef = A095C02126CA90F200E26644 /* CustomInteractiveTransition.swift */; };
		A095C02426CA911300E26644 /* CustomNavigationController.swift in Sources */ = {isa = PBXBuildFile; fileRef = A095C02326CA911300E26644 /* CustomNavigationController.swift */; };
		A095C02626CA912F00E26644 /* CustomPushAnimator.swift in Sources */ = {isa = PBXBuildFile; fileRef = A095C02526CA912F00E26644 /* CustomPushAnimator.swift */; };
		A095C02826CA914F00E26644 /* CustomPopAnimator.swift in Sources */ = {isa = PBXBuildFile; fileRef = A095C02726CA914F00E26644 /* CustomPopAnimator.swift */; };
		A095C02A26CAAA9A00E26644 /* FullPhotoAnimator.swift in Sources */ = {isa = PBXBuildFile; fileRef = A095C02926CAAA9A00E26644 /* FullPhotoAnimator.swift */; };
		A0B109DF26AD7CF7003DCEA1 /* AllGroupsTableViewCell.swift in Sources */ = {isa = PBXBuildFile; fileRef = A0B109DE26AD7CF7003DCEA1 /* AllGroupsTableViewCell.swift */; };
		A0B109E226AD7DD4003DCEA1 /* UserGroupsTableViewCell.swift in Sources */ = {isa = PBXBuildFile; fileRef = A0B109E126AD7DD4003DCEA1 /* UserGroupsTableViewCell.swift */; };
		A0B109E426AD7DE3003DCEA1 /* UserGroupsTableViewController.swift in Sources */ = {isa = PBXBuildFile; fileRef = A0B109E326AD7DE3003DCEA1 /* UserGroupsTableViewController.swift */; };
		A0B109E626AD7DFB003DCEA1 /* AllGroupsTableViewController.swift in Sources */ = {isa = PBXBuildFile; fileRef = A0B109E526AD7DFB003DCEA1 /* AllGroupsTableViewController.swift */; };
		A0B109EB26AD9125003DCEA1 /* UserFriendsTableViewController.swift in Sources */ = {isa = PBXBuildFile; fileRef = A0B109EA26AD9125003DCEA1 /* UserFriendsTableViewController.swift */; };
		A0B109ED26AD9132003DCEA1 /* UserFriendsTableViewCell.swift in Sources */ = {isa = PBXBuildFile; fileRef = A0B109EC26AD9132003DCEA1 /* UserFriendsTableViewCell.swift */; };
		A0B109EF26AD9690003DCEA1 /* FriendsPhotosCollectionViewController.swift in Sources */ = {isa = PBXBuildFile; fileRef = A0B109EE26AD9690003DCEA1 /* FriendsPhotosCollectionViewController.swift */; };
		A0B109F126AD96A4003DCEA1 /* FriendsPhotosCollectionViewCell.swift in Sources */ = {isa = PBXBuildFile; fileRef = A0B109F026AD96A4003DCEA1 /* FriendsPhotosCollectionViewCell.swift */; };
		A0B109FB26B0A0D6003DCEA1 /* ShadowView.swift in Sources */ = {isa = PBXBuildFile; fileRef = A0B109FA26B0A0D6003DCEA1 /* ShadowView.swift */; };
		A0B109FD26B2F81C003DCEA1 /* RoundedImageView.swift in Sources */ = {isa = PBXBuildFile; fileRef = A0B109FC26B2F81C003DCEA1 /* RoundedImageView.swift */; };
		A0C6372226D8270800C9C536 /* Reusable.swift in Sources */ = {isa = PBXBuildFile; fileRef = A0C6372126D8270800C9C536 /* Reusable.swift */; };
		A0C6373026D9326200C9C536 /* SessionInfo.swift in Sources */ = {isa = PBXBuildFile; fileRef = A0C6372F26D9326100C9C536 /* SessionInfo.swift */; };
		A0C6376226DC137300C9C536 /* NetworkService.swift in Sources */ = {isa = PBXBuildFile; fileRef = A0C6376126DC137300C9C536 /* NetworkService.swift */; };
		A0C6376526DC153800C9C536 /* AuthVKViewController.swift in Sources */ = {isa = PBXBuildFile; fileRef = A0C6376426DC153800C9C536 /* AuthVKViewController.swift */; };
		A0C6376826DC165400C9C536 /* Alamofire in Frameworks */ = {isa = PBXBuildFile; productRef = A0C6376726DC165400C9C536 /* Alamofire */; };
		A0C6377726E7CE9F00C9C536 /* SwiftyJSON in Frameworks */ = {isa = PBXBuildFile; productRef = A0C6377626E7CE9F00C9C536 /* SwiftyJSON */; };
		A0C6377A26E7CEB400C9C536 /* Kingfisher in Frameworks */ = {isa = PBXBuildFile; productRef = A0C6377926E7CEB400C9C536 /* Kingfisher */; };
		A0C6377C26E7CF8400C9C536 /* Friends.swift in Sources */ = {isa = PBXBuildFile; fileRef = A0C6377B26E7CF8400C9C536 /* Friends.swift */; };
		A0C6377E26E7CFCD00C9C536 /* Photos.swift in Sources */ = {isa = PBXBuildFile; fileRef = A0C6377D26E7CFCD00C9C536 /* Photos.swift */; };
		A0C6378026E7CFE900C9C536 /* Groups.swift in Sources */ = {isa = PBXBuildFile; fileRef = A0C6377F26E7CFE900C9C536 /* Groups.swift */; };
		A0C6378226E7D67B00C9C536 /* User.swift in Sources */ = {isa = PBXBuildFile; fileRef = A0C6378126E7D67B00C9C536 /* User.swift */; };
		A0FC982926C4001F0035EDE5 /* LoaderView.swift in Sources */ = {isa = PBXBuildFile; fileRef = A0FC982826C4001F0035EDE5 /* LoaderView.swift */; };
		A0FC982D26C402000035EDE5 /* NewsViewController.swift in Sources */ = {isa = PBXBuildFile; fileRef = A0FC982C26C402000035EDE5 /* NewsViewController.swift */; };
/* End PBXBuildFile section */

/* Begin PBXFileReference section */
		092F94FB269A376C0030AB4C /* LeftPaddedTextField.swift */ = {isa = PBXFileReference; lastKnownFileType = sourcecode.swift; path = LeftPaddedTextField.swift; sourceTree = "<group>"; };
		A01A3382269A0D3200FC0A63 /* VKClient.app */ = {isa = PBXFileReference; explicitFileType = wrapper.application; includeInIndex = 0; path = VKClient.app; sourceTree = BUILT_PRODUCTS_DIR; };
		A01A3385269A0D3200FC0A63 /* AppDelegate.swift */ = {isa = PBXFileReference; lastKnownFileType = sourcecode.swift; path = AppDelegate.swift; sourceTree = "<group>"; };
		A01A3387269A0D3200FC0A63 /* SceneDelegate.swift */ = {isa = PBXFileReference; lastKnownFileType = sourcecode.swift; path = SceneDelegate.swift; sourceTree = "<group>"; };
		A01A3389269A0D3200FC0A63 /* LoginFormController.swift */ = {isa = PBXFileReference; lastKnownFileType = sourcecode.swift; path = LoginFormController.swift; sourceTree = "<group>"; };
		A01A338C269A0D3200FC0A63 /* Base */ = {isa = PBXFileReference; lastKnownFileType = file.storyboard; name = Base; path = Base.lproj/Main.storyboard; sourceTree = "<group>"; };
		A01A3391269A0D3400FC0A63 /* Base */ = {isa = PBXFileReference; lastKnownFileType = file.storyboard; name = Base; path = Base.lproj/LaunchScreen.storyboard; sourceTree = "<group>"; };
		A01A3393269A0D3400FC0A63 /* Info.plist */ = {isa = PBXFileReference; lastKnownFileType = text.plist.xml; path = Info.plist; sourceTree = "<group>"; };
		A01A339B269A396400FC0A63 /* Extensions.swift */ = {isa = PBXFileReference; lastKnownFileType = sourcecode.swift; path = Extensions.swift; sourceTree = "<group>"; };
		A02F900526B4501600CD888D /* CustomLikeControl.swift */ = {isa = PBXFileReference; lastKnownFileType = sourcecode.swift; path = CustomLikeControl.swift; sourceTree = "<group>"; };
		A02F900926B5516700CD888D /* LettersControl.swift */ = {isa = PBXFileReference; lastKnownFileType = sourcecode.swift; path = LettersControl.swift; sourceTree = "<group>"; };
		A02F901526B6F7C100CD888D /* FriendsGroup.swift */ = {isa = PBXFileReference; lastKnownFileType = sourcecode.swift; path = FriendsGroup.swift; sourceTree = "<group>"; };
		A02F901C26B9AF2B00CD888D /* NewsTableViewCell.swift */ = {isa = PBXFileReference; lastKnownFileType = sourcecode.swift; path = NewsTableViewCell.swift; sourceTree = "<group>"; };
		A02F902226B9BAA000CD888D /* News.swift */ = {isa = PBXFileReference; lastKnownFileType = sourcecode.swift; path = News.swift; sourceTree = "<group>"; };
		A02F902626BB04BE00CD888D /* NewsImagesCollectionViewCell.swift */ = {isa = PBXFileReference; lastKnownFileType = sourcecode.swift; path = NewsImagesCollectionViewCell.swift; sourceTree = "<group>"; };
		A02F902826BB0A7600CD888D /* CustomHeader.swift */ = {isa = PBXFileReference; lastKnownFileType = sourcecode.swift; path = CustomHeader.swift; sourceTree = "<group>"; };
		A02F902C26BB122F00CD888D /* Assets.xcassets */ = {isa = PBXFileReference; lastKnownFileType = folder.assetcatalog; path = Assets.xcassets; sourceTree = "<group>"; };
		A02F902F26BC331B00CD888D /* NewsImagesCollectionView.swift */ = {isa = PBXFileReference; lastKnownFileType = sourcecode.swift; path = NewsImagesCollectionView.swift; sourceTree = "<group>"; };
		A058FB6C26F3E40500011476 /* RoundedButton.swift */ = {isa = PBXFileReference; lastKnownFileType = sourcecode.swift; path = RoundedButton.swift; sourceTree = "<group>"; };
		A058FB7126F3EB3000011476 /* KeychainUser.swift */ = {isa = PBXFileReference; lastKnownFileType = sourcecode.swift; path = KeychainUser.swift; sourceTree = "<group>"; };
		A095C01026C7AFD000E26644 /* VKLoaderView.swift */ = {isa = PBXFileReference; lastKnownFileType = sourcecode.swift; path = VKLoaderView.swift; sourceTree = "<group>"; };
		A095C01326C7B2A700E26644 /* SurveyFriendsPhotoViewController.swift */ = {isa = PBXFileReference; lastKnownFileType = sourcecode.swift; path = SurveyFriendsPhotoViewController.swift; sourceTree = "<group>"; };
		A095C02126CA90F200E26644 /* CustomInteractiveTransition.swift */ = {isa = PBXFileReference; lastKnownFileType = sourcecode.swift; path = CustomInteractiveTransition.swift; sourceTree = "<group>"; };
		A095C02326CA911300E26644 /* CustomNavigationController.swift */ = {isa = PBXFileReference; lastKnownFileType = sourcecode.swift; path = CustomNavigationController.swift; sourceTree = "<group>"; };
		A095C02526CA912F00E26644 /* CustomPushAnimator.swift */ = {isa = PBXFileReference; lastKnownFileType = sourcecode.swift; path = CustomPushAnimator.swift; sourceTree = "<group>"; };
		A095C02726CA914F00E26644 /* CustomPopAnimator.swift */ = {isa = PBXFileReference; lastKnownFileType = sourcecode.swift; path = CustomPopAnimator.swift; sourceTree = "<group>"; };
		A095C02926CAAA9A00E26644 /* FullPhotoAnimator.swift */ = {isa = PBXFileReference; lastKnownFileType = sourcecode.swift; path = FullPhotoAnimator.swift; sourceTree = "<group>"; };
		A0B109DE26AD7CF7003DCEA1 /* AllGroupsTableViewCell.swift */ = {isa = PBXFileReference; lastKnownFileType = sourcecode.swift; path = AllGroupsTableViewCell.swift; sourceTree = "<group>"; };
		A0B109E126AD7DD4003DCEA1 /* UserGroupsTableViewCell.swift */ = {isa = PBXFileReference; lastKnownFileType = sourcecode.swift; path = UserGroupsTableViewCell.swift; sourceTree = "<group>"; };
		A0B109E326AD7DE3003DCEA1 /* UserGroupsTableViewController.swift */ = {isa = PBXFileReference; lastKnownFileType = sourcecode.swift; path = UserGroupsTableViewController.swift; sourceTree = "<group>"; };
		A0B109E526AD7DFB003DCEA1 /* AllGroupsTableViewController.swift */ = {isa = PBXFileReference; lastKnownFileType = sourcecode.swift; path = AllGroupsTableViewController.swift; sourceTree = "<group>"; };
		A0B109EA26AD9125003DCEA1 /* UserFriendsTableViewController.swift */ = {isa = PBXFileReference; lastKnownFileType = sourcecode.swift; path = UserFriendsTableViewController.swift; sourceTree = "<group>"; };
		A0B109EC26AD9132003DCEA1 /* UserFriendsTableViewCell.swift */ = {isa = PBXFileReference; lastKnownFileType = sourcecode.swift; path = UserFriendsTableViewCell.swift; sourceTree = "<group>"; };
		A0B109EE26AD9690003DCEA1 /* FriendsPhotosCollectionViewController.swift */ = {isa = PBXFileReference; lastKnownFileType = sourcecode.swift; path = FriendsPhotosCollectionViewController.swift; sourceTree = "<group>"; };
		A0B109F026AD96A4003DCEA1 /* FriendsPhotosCollectionViewCell.swift */ = {isa = PBXFileReference; lastKnownFileType = sourcecode.swift; path = FriendsPhotosCollectionViewCell.swift; sourceTree = "<group>"; };
		A0B109FA26B0A0D6003DCEA1 /* ShadowView.swift */ = {isa = PBXFileReference; lastKnownFileType = sourcecode.swift; path = ShadowView.swift; sourceTree = "<group>"; };
		A0B109FC26B2F81C003DCEA1 /* RoundedImageView.swift */ = {isa = PBXFileReference; lastKnownFileType = sourcecode.swift; path = RoundedImageView.swift; sourceTree = "<group>"; };
		A0C6372126D8270800C9C536 /* Reusable.swift */ = {isa = PBXFileReference; lastKnownFileType = sourcecode.swift; path = Reusable.swift; sourceTree = "<group>"; };
		A0C6372F26D9326100C9C536 /* SessionInfo.swift */ = {isa = PBXFileReference; lastKnownFileType = sourcecode.swift; path = SessionInfo.swift; sourceTree = "<group>"; };
		A0C6376126DC137300C9C536 /* NetworkService.swift */ = {isa = PBXFileReference; lastKnownFileType = sourcecode.swift; path = NetworkService.swift; sourceTree = "<group>"; };
		A0C6376426DC153800C9C536 /* AuthVKViewController.swift */ = {isa = PBXFileReference; lastKnownFileType = sourcecode.swift; path = AuthVKViewController.swift; sourceTree = "<group>"; };
		A0C6377B26E7CF8400C9C536 /* Friends.swift */ = {isa = PBXFileReference; lastKnownFileType = sourcecode.swift; path = Friends.swift; sourceTree = "<group>"; };
		A0C6377D26E7CFCD00C9C536 /* Photos.swift */ = {isa = PBXFileReference; lastKnownFileType = sourcecode.swift; path = Photos.swift; sourceTree = "<group>"; };
		A0C6377F26E7CFE900C9C536 /* Groups.swift */ = {isa = PBXFileReference; lastKnownFileType = sourcecode.swift; path = Groups.swift; sourceTree = "<group>"; };
		A0C6378126E7D67B00C9C536 /* User.swift */ = {isa = PBXFileReference; lastKnownFileType = sourcecode.swift; path = User.swift; sourceTree = "<group>"; };
		A0FC982826C4001F0035EDE5 /* LoaderView.swift */ = {isa = PBXFileReference; lastKnownFileType = sourcecode.swift; path = LoaderView.swift; sourceTree = "<group>"; };
		A0FC982C26C402000035EDE5 /* NewsViewController.swift */ = {isa = PBXFileReference; lastKnownFileType = sourcecode.swift; path = NewsViewController.swift; sourceTree = "<group>"; };
/* End PBXFileReference section */

/* Begin PBXFrameworksBuildPhase section */
		A01A337F269A0D3200FC0A63 /* Frameworks */ = {
			isa = PBXFrameworksBuildPhase;
			buildActionMask = 2147483647;
			files = (
				A0C6377A26E7CEB400C9C536 /* Kingfisher in Frameworks */,
				A0C6377726E7CE9F00C9C536 /* SwiftyJSON in Frameworks */,
				A058FB7026F3EA6100011476 /* SwiftKeychainWrapper in Frameworks */,
				A0C6376826DC165400C9C536 /* Alamofire in Frameworks */,
			);
			runOnlyForDeploymentPostprocessing = 0;
		};
/* End PBXFrameworksBuildPhase section */

/* Begin PBXGroup section */
		A01A3379269A0D3200FC0A63 = {
			isa = PBXGroup;
			children = (
				A01A3384269A0D3200FC0A63 /* VKClient */,
				A01A3383269A0D3200FC0A63 /* Products */,
			);
			sourceTree = "<group>";
		};
		A01A3383269A0D3200FC0A63 /* Products */ = {
			isa = PBXGroup;
			children = (
				A01A3382269A0D3200FC0A63 /* VKClient.app */,
			);
			name = Products;
			sourceTree = "<group>";
		};
		A01A3384269A0D3200FC0A63 /* VKClient */ = {
			isa = PBXGroup;
			children = (
				A0C6376326DC151700C9C536 /* VKAuth */,
				A0C6372026D826FD00C9C536 /* Utils */,
				A095C02026CA90C400E26644 /* CustomAnimation */,
				A0FC982726C3FEB60035EDE5 /* Controls */,
				A02F901726B87C6500CD888D /* News */,
				A0B109E926AD90F5003DCEA1 /* FriendsPhotos */,
				A0B109E826AD90E9003DCEA1 /* UserFriends */,
				A0B109E726AD90BC003DCEA1 /* LoginForm */,
				A0B109E026AD7DA0003DCEA1 /* UserGroups */,
				A0B109DB26AD7CA4003DCEA1 /* AllGroups */,
				A0B109D526AD7A72003DCEA1 /* Model */,
				A0C6376026DC134D00C9C536 /* NetworkService */,
				A01A3385269A0D3200FC0A63 /* AppDelegate.swift */,
				A01A3387269A0D3200FC0A63 /* SceneDelegate.swift */,
				A01A339B269A396400FC0A63 /* Extensions.swift */,
				A01A338B269A0D3200FC0A63 /* Main.storyboard */,
				A01A3390269A0D3400FC0A63 /* LaunchScreen.storyboard */,
				A01A3393269A0D3400FC0A63 /* Info.plist */,
				A02F902C26BB122F00CD888D /* Assets.xcassets */,
			);
			path = VKClient;
			sourceTree = "<group>";
		};
		A02F901726B87C6500CD888D /* News */ = {
			isa = PBXGroup;
			children = (
				A02F901C26B9AF2B00CD888D /* NewsTableViewCell.swift */,
				A0FC982C26C402000035EDE5 /* NewsViewController.swift */,
				A0FC982826C4001F0035EDE5 /* LoaderView.swift */,
				A095C01026C7AFD000E26644 /* VKLoaderView.swift */,
				A02F902E26BC32C600CD888D /* Gallery */,
			);
			path = News;
			sourceTree = "<group>";
		};
		A02F902E26BC32C600CD888D /* Gallery */ = {
			isa = PBXGroup;
			children = (
				A02F902F26BC331B00CD888D /* NewsImagesCollectionView.swift */,
				A02F902626BB04BE00CD888D /* NewsImagesCollectionViewCell.swift */,
			);
			path = Gallery;
			sourceTree = "<group>";
		};
		A095C01226C7B28F00E26644 /* SurveyFriendsPhoto */ = {
			isa = PBXGroup;
			children = (
				A095C01326C7B2A700E26644 /* SurveyFriendsPhotoViewController.swift */,
			);
			path = SurveyFriendsPhoto;
			sourceTree = "<group>";
		};
		A095C02026CA90C400E26644 /* CustomAnimation */ = {
			isa = PBXGroup;
			children = (
				A095C02126CA90F200E26644 /* CustomInteractiveTransition.swift */,
				A095C02326CA911300E26644 /* CustomNavigationController.swift */,
				A095C02526CA912F00E26644 /* CustomPushAnimator.swift */,
				A095C02726CA914F00E26644 /* CustomPopAnimator.swift */,
			);
			path = CustomAnimation;
			sourceTree = "<group>";
		};
		A0B109D526AD7A72003DCEA1 /* Model */ = {
			isa = PBXGroup;
			children = (
				A0C6377B26E7CF8400C9C536 /* Friends.swift */,
				A02F901526B6F7C100CD888D /* FriendsGroup.swift */,
				A0C6377D26E7CFCD00C9C536 /* Photos.swift */,
				A0C6377F26E7CFE900C9C536 /* Groups.swift */,
				A02F902226B9BAA000CD888D /* News.swift */,
				A0C6378126E7D67B00C9C536 /* User.swift */,
				A058FB7126F3EB3000011476 /* KeychainUser.swift */,
			);
			path = Model;
			sourceTree = "<group>";
		};
		A0B109DB26AD7CA4003DCEA1 /* AllGroups */ = {
			isa = PBXGroup;
			children = (
				A0B109E526AD7DFB003DCEA1 /* AllGroupsTableViewController.swift */,
				A0B109DE26AD7CF7003DCEA1 /* AllGroupsTableViewCell.swift */,
			);
			path = AllGroups;
			sourceTree = "<group>";
		};
		A0B109E026AD7DA0003DCEA1 /* UserGroups */ = {
			isa = PBXGroup;
			children = (
				A0B109E326AD7DE3003DCEA1 /* UserGroupsTableViewController.swift */,
				A0B109E126AD7DD4003DCEA1 /* UserGroupsTableViewCell.swift */,
				A02F902826BB0A7600CD888D /* CustomHeader.swift */,
			);
			path = UserGroups;
			sourceTree = "<group>";
		};
		A0B109E726AD90BC003DCEA1 /* LoginForm */ = {
			isa = PBXGroup;
			children = (
				A01A3389269A0D3200FC0A63 /* LoginFormController.swift */,
				092F94FB269A376C0030AB4C /* LeftPaddedTextField.swift */,
			);
			path = LoginForm;
			sourceTree = "<group>";
		};
		A0B109E826AD90E9003DCEA1 /* UserFriends */ = {
			isa = PBXGroup;
			children = (
				A0B109EA26AD9125003DCEA1 /* UserFriendsTableViewController.swift */,
				A0B109EC26AD9132003DCEA1 /* UserFriendsTableViewCell.swift */,
				A0B109FA26B0A0D6003DCEA1 /* ShadowView.swift */,
				A058FB6C26F3E40500011476 /* RoundedButton.swift */,
				A0B109FC26B2F81C003DCEA1 /* RoundedImageView.swift */,
			);
			path = UserFriends;
			sourceTree = "<group>";
		};
		A0B109E926AD90F5003DCEA1 /* FriendsPhotos */ = {
			isa = PBXGroup;
			children = (
				A0B109EE26AD9690003DCEA1 /* FriendsPhotosCollectionViewController.swift */,
				A0B109F026AD96A4003DCEA1 /* FriendsPhotosCollectionViewCell.swift */,
				A095C02926CAAA9A00E26644 /* FullPhotoAnimator.swift */,
				A095C01226C7B28F00E26644 /* SurveyFriendsPhoto */,
			);
			path = FriendsPhotos;
			sourceTree = "<group>";
		};
		A0C6372026D826FD00C9C536 /* Utils */ = {
			isa = PBXGroup;
			children = (
				A0C6372126D8270800C9C536 /* Reusable.swift */,
			);
			path = Utils;
			sourceTree = "<group>";
		};
		A0C6376026DC134D00C9C536 /* NetworkService */ = {
			isa = PBXGroup;
			children = (
				A0C6372F26D9326100C9C536 /* SessionInfo.swift */,
				A0C6376126DC137300C9C536 /* NetworkService.swift */,
			);
			path = NetworkService;
			sourceTree = "<group>";
		};
		A0C6376326DC151700C9C536 /* VKAuth */ = {
			isa = PBXGroup;
			children = (
				A0C6376426DC153800C9C536 /* AuthVKViewController.swift */,
			);
			path = VKAuth;
			sourceTree = "<group>";
		};
		A0FC982726C3FEB60035EDE5 /* Controls */ = {
			isa = PBXGroup;
			children = (
				A02F900926B5516700CD888D /* LettersControl.swift */,
				A02F900526B4501600CD888D /* CustomLikeControl.swift */,
			);
			path = Controls;
			sourceTree = "<group>";
		};
/* End PBXGroup section */

/* Begin PBXNativeTarget section */
		A01A3381269A0D3200FC0A63 /* VKClient */ = {
			isa = PBXNativeTarget;
			buildConfigurationList = A01A3396269A0D3400FC0A63 /* Build configuration list for PBXNativeTarget "VKClient" */;
			buildPhases = (
				A01A337E269A0D3200FC0A63 /* Sources */,
				A01A337F269A0D3200FC0A63 /* Frameworks */,
				A01A3380269A0D3200FC0A63 /* Resources */,
			);
			buildRules = (
			);
			dependencies = (
			);
			name = VKClient;
			packageProductDependencies = (
				A0C6376726DC165400C9C536 /* Alamofire */,
				A0C6377626E7CE9F00C9C536 /* SwiftyJSON */,
				A0C6377926E7CEB400C9C536 /* Kingfisher */,
				A058FB6F26F3EA6100011476 /* SwiftKeychainWrapper */,
			);
			productName = VKClient;
			productReference = A01A3382269A0D3200FC0A63 /* VKClient.app */;
			productType = "com.apple.product-type.application";
		};
/* End PBXNativeTarget section */

/* Begin PBXProject section */
		A01A337A269A0D3200FC0A63 /* Project object */ = {
			isa = PBXProject;
			attributes = {
				LastSwiftUpdateCheck = 1250;
				LastUpgradeCheck = 1250;
				TargetAttributes = {
					A01A3381269A0D3200FC0A63 = {
						CreatedOnToolsVersion = 12.5.1;
					};
				};
			};
			buildConfigurationList = A01A337D269A0D3200FC0A63 /* Build configuration list for PBXProject "VKClient" */;
			compatibilityVersion = "Xcode 9.3";
			developmentRegion = en;
			hasScannedForEncodings = 0;
			knownRegions = (
				en,
				Base,
			);
			mainGroup = A01A3379269A0D3200FC0A63;
			packageReferences = (
				A0C6376626DC165400C9C536 /* XCRemoteSwiftPackageReference "Alamofire" */,
				A0C6377526E7CE9F00C9C536 /* XCRemoteSwiftPackageReference "SwiftyJSON" */,
				A0C6377826E7CEB400C9C536 /* XCRemoteSwiftPackageReference "Kingfisher" */,
				A058FB6E26F3EA6000011476 /* XCRemoteSwiftPackageReference "SwiftKeychainWrapper" */,
			);
			productRefGroup = A01A3383269A0D3200FC0A63 /* Products */;
			projectDirPath = "";
			projectRoot = "";
			targets = (
				A01A3381269A0D3200FC0A63 /* VKClient */,
			);
		};
/* End PBXProject section */

/* Begin PBXResourcesBuildPhase section */
		A01A3380269A0D3200FC0A63 /* Resources */ = {
			isa = PBXResourcesBuildPhase;
			buildActionMask = 2147483647;
			files = (
				A01A3392269A0D3400FC0A63 /* LaunchScreen.storyboard in Resources */,
				A02F902D26BB122F00CD888D /* Assets.xcassets in Resources */,
				A01A338D269A0D3200FC0A63 /* Main.storyboard in Resources */,
			);
			runOnlyForDeploymentPostprocessing = 0;
		};
/* End PBXResourcesBuildPhase section */

/* Begin PBXSourcesBuildPhase section */
		A01A337E269A0D3200FC0A63 /* Sources */ = {
			isa = PBXSourcesBuildPhase;
			buildActionMask = 2147483647;
			files = (
				A095C02626CA912F00E26644 /* CustomPushAnimator.swift in Sources */,
				A0B109EB26AD9125003DCEA1 /* UserFriendsTableViewController.swift in Sources */,
				A02F902926BB0A7600CD888D /* CustomHeader.swift in Sources */,
				A095C02226CA90F200E26644 /* CustomInteractiveTransition.swift in Sources */,
				A02F902326B9BAA000CD888D /* News.swift in Sources */,
				A0B109E226AD7DD4003DCEA1 /* UserGroupsTableViewCell.swift in Sources */,
				A095C02826CA914F00E26644 /* CustomPopAnimator.swift in Sources */,
				A02F903026BC331B00CD888D /* NewsImagesCollectionView.swift in Sources */,
				A01A339C269A396400FC0A63 /* Extensions.swift in Sources */,
				A0B109ED26AD9132003DCEA1 /* UserFriendsTableViewCell.swift in Sources */,
				A0C6372226D8270800C9C536 /* Reusable.swift in Sources */,
				A01A338A269A0D3200FC0A63 /* LoginFormController.swift in Sources */,
				A0C6376226DC137300C9C536 /* NetworkService.swift in Sources */,
				A02F901626B6F7C100CD888D /* FriendsGroup.swift in Sources */,
				A0B109F126AD96A4003DCEA1 /* FriendsPhotosCollectionViewCell.swift in Sources */,
				A02F900626B4501600CD888D /* CustomLikeControl.swift in Sources */,
				A0B109E626AD7DFB003DCEA1 /* AllGroupsTableViewController.swift in Sources */,
				A0C6378026E7CFE900C9C536 /* Groups.swift in Sources */,
				A02F901E26B9AF2B00CD888D /* NewsTableViewCell.swift in Sources */,
				A095C02A26CAAA9A00E26644 /* FullPhotoAnimator.swift in Sources */,
				A095C01126C7AFD000E26644 /* VKLoaderView.swift in Sources */,
				A095C01426C7B2A700E26644 /* SurveyFriendsPhotoViewController.swift in Sources */,
				A0FC982926C4001F0035EDE5 /* LoaderView.swift in Sources */,
				A095C02426CA911300E26644 /* CustomNavigationController.swift in Sources */,
				A0C6377C26E7CF8400C9C536 /* Friends.swift in Sources */,
				A058FB6D26F3E40500011476 /* RoundedButton.swift in Sources */,
				A0C6377E26E7CFCD00C9C536 /* Photos.swift in Sources */,
				A0B109FD26B2F81C003DCEA1 /* RoundedImageView.swift in Sources */,
				A01A3386269A0D3200FC0A63 /* AppDelegate.swift in Sources */,
				A0C6378226E7D67B00C9C536 /* User.swift in Sources */,
				092F94FC269A376C0030AB4C /* LeftPaddedTextField.swift in Sources */,
				A01A3388269A0D3200FC0A63 /* SceneDelegate.swift in Sources */,
				A0C6376526DC153800C9C536 /* AuthVKViewController.swift in Sources */,
				A0C6373026D9326200C9C536 /* SessionInfo.swift in Sources */,
				A0B109DF26AD7CF7003DCEA1 /* AllGroupsTableViewCell.swift in Sources */,
				A0B109E426AD7DE3003DCEA1 /* UserGroupsTableViewController.swift in Sources */,
				A02F902726BB04BE00CD888D /* NewsImagesCollectionViewCell.swift in Sources */,
				A0B109EF26AD9690003DCEA1 /* FriendsPhotosCollectionViewController.swift in Sources */,
				A058FB7226F3EB3000011476 /* KeychainUser.swift in Sources */,
				A0FC982D26C402000035EDE5 /* NewsViewController.swift in Sources */,
				A0B109FB26B0A0D6003DCEA1 /* ShadowView.swift in Sources */,
				A02F900A26B5516700CD888D /* LettersControl.swift in Sources */,
			);
			runOnlyForDeploymentPostprocessing = 0;
		};
/* End PBXSourcesBuildPhase section */

/* Begin PBXVariantGroup section */
		A01A338B269A0D3200FC0A63 /* Main.storyboard */ = {
			isa = PBXVariantGroup;
			children = (
				A01A338C269A0D3200FC0A63 /* Base */,
			);
			name = Main.storyboard;
			sourceTree = "<group>";
		};
		A01A3390269A0D3400FC0A63 /* LaunchScreen.storyboard */ = {
			isa = PBXVariantGroup;
			children = (
				A01A3391269A0D3400FC0A63 /* Base */,
			);
			name = LaunchScreen.storyboard;
			sourceTree = "<group>";
		};
/* End PBXVariantGroup section */

/* Begin XCBuildConfiguration section */
		A01A3394269A0D3400FC0A63 /* Debug */ = {
			isa = XCBuildConfiguration;
			buildSettings = {
				ALWAYS_SEARCH_USER_PATHS = NO;
				CLANG_ANALYZER_NONNULL = YES;
				CLANG_ANALYZER_NUMBER_OBJECT_CONVERSION = YES_AGGRESSIVE;
				CLANG_CXX_LANGUAGE_STANDARD = "gnu++14";
				CLANG_CXX_LIBRARY = "libc++";
				CLANG_ENABLE_MODULES = YES;
				CLANG_ENABLE_OBJC_ARC = YES;
				CLANG_ENABLE_OBJC_WEAK = YES;
				CLANG_WARN_BLOCK_CAPTURE_AUTORELEASING = YES;
				CLANG_WARN_BOOL_CONVERSION = YES;
				CLANG_WARN_COMMA = YES;
				CLANG_WARN_CONSTANT_CONVERSION = YES;
				CLANG_WARN_DEPRECATED_OBJC_IMPLEMENTATIONS = YES;
				CLANG_WARN_DIRECT_OBJC_ISA_USAGE = YES_ERROR;
				CLANG_WARN_DOCUMENTATION_COMMENTS = YES;
				CLANG_WARN_EMPTY_BODY = YES;
				CLANG_WARN_ENUM_CONVERSION = YES;
				CLANG_WARN_INFINITE_RECURSION = YES;
				CLANG_WARN_INT_CONVERSION = YES;
				CLANG_WARN_NON_LITERAL_NULL_CONVERSION = YES;
				CLANG_WARN_OBJC_IMPLICIT_RETAIN_SELF = YES;
				CLANG_WARN_OBJC_LITERAL_CONVERSION = YES;
				CLANG_WARN_OBJC_ROOT_CLASS = YES_ERROR;
				CLANG_WARN_QUOTED_INCLUDE_IN_FRAMEWORK_HEADER = YES;
				CLANG_WARN_RANGE_LOOP_ANALYSIS = YES;
				CLANG_WARN_STRICT_PROTOTYPES = YES;
				CLANG_WARN_SUSPICIOUS_MOVE = YES;
				CLANG_WARN_UNGUARDED_AVAILABILITY = YES_AGGRESSIVE;
				CLANG_WARN_UNREACHABLE_CODE = YES;
				CLANG_WARN__DUPLICATE_METHOD_MATCH = YES;
				COPY_PHASE_STRIP = NO;
				DEBUG_INFORMATION_FORMAT = dwarf;
				ENABLE_STRICT_OBJC_MSGSEND = YES;
				ENABLE_TESTABILITY = YES;
				GCC_C_LANGUAGE_STANDARD = gnu11;
				GCC_DYNAMIC_NO_PIC = NO;
				GCC_NO_COMMON_BLOCKS = YES;
				GCC_OPTIMIZATION_LEVEL = 0;
				GCC_PREPROCESSOR_DEFINITIONS = (
					"DEBUG=1",
					"$(inherited)",
				);
				GCC_WARN_64_TO_32_BIT_CONVERSION = YES;
				GCC_WARN_ABOUT_RETURN_TYPE = YES_ERROR;
				GCC_WARN_UNDECLARED_SELECTOR = YES;
				GCC_WARN_UNINITIALIZED_AUTOS = YES_AGGRESSIVE;
				GCC_WARN_UNUSED_FUNCTION = YES;
				GCC_WARN_UNUSED_VARIABLE = YES;
				IPHONEOS_DEPLOYMENT_TARGET = 14.5;
				MTL_ENABLE_DEBUG_INFO = INCLUDE_SOURCE;
				MTL_FAST_MATH = YES;
				ONLY_ACTIVE_ARCH = YES;
				SDKROOT = iphoneos;
				SWIFT_ACTIVE_COMPILATION_CONDITIONS = DEBUG;
				SWIFT_OPTIMIZATION_LEVEL = "-Onone";
			};
			name = Debug;
		};
		A01A3395269A0D3400FC0A63 /* Release */ = {
			isa = XCBuildConfiguration;
			buildSettings = {
				ALWAYS_SEARCH_USER_PATHS = NO;
				CLANG_ANALYZER_NONNULL = YES;
				CLANG_ANALYZER_NUMBER_OBJECT_CONVERSION = YES_AGGRESSIVE;
				CLANG_CXX_LANGUAGE_STANDARD = "gnu++14";
				CLANG_CXX_LIBRARY = "libc++";
				CLANG_ENABLE_MODULES = YES;
				CLANG_ENABLE_OBJC_ARC = YES;
				CLANG_ENABLE_OBJC_WEAK = YES;
				CLANG_WARN_BLOCK_CAPTURE_AUTORELEASING = YES;
				CLANG_WARN_BOOL_CONVERSION = YES;
				CLANG_WARN_COMMA = YES;
				CLANG_WARN_CONSTANT_CONVERSION = YES;
				CLANG_WARN_DEPRECATED_OBJC_IMPLEMENTATIONS = YES;
				CLANG_WARN_DIRECT_OBJC_ISA_USAGE = YES_ERROR;
				CLANG_WARN_DOCUMENTATION_COMMENTS = YES;
				CLANG_WARN_EMPTY_BODY = YES;
				CLANG_WARN_ENUM_CONVERSION = YES;
				CLANG_WARN_INFINITE_RECURSION = YES;
				CLANG_WARN_INT_CONVERSION = YES;
				CLANG_WARN_NON_LITERAL_NULL_CONVERSION = YES;
				CLANG_WARN_OBJC_IMPLICIT_RETAIN_SELF = YES;
				CLANG_WARN_OBJC_LITERAL_CONVERSION = YES;
				CLANG_WARN_OBJC_ROOT_CLASS = YES_ERROR;
				CLANG_WARN_QUOTED_INCLUDE_IN_FRAMEWORK_HEADER = YES;
				CLANG_WARN_RANGE_LOOP_ANALYSIS = YES;
				CLANG_WARN_STRICT_PROTOTYPES = YES;
				CLANG_WARN_SUSPICIOUS_MOVE = YES;
				CLANG_WARN_UNGUARDED_AVAILABILITY = YES_AGGRESSIVE;
				CLANG_WARN_UNREACHABLE_CODE = YES;
				CLANG_WARN__DUPLICATE_METHOD_MATCH = YES;
				COPY_PHASE_STRIP = NO;
				DEBUG_INFORMATION_FORMAT = "dwarf-with-dsym";
				ENABLE_NS_ASSERTIONS = NO;
				ENABLE_STRICT_OBJC_MSGSEND = YES;
				GCC_C_LANGUAGE_STANDARD = gnu11;
				GCC_NO_COMMON_BLOCKS = YES;
				GCC_WARN_64_TO_32_BIT_CONVERSION = YES;
				GCC_WARN_ABOUT_RETURN_TYPE = YES_ERROR;
				GCC_WARN_UNDECLARED_SELECTOR = YES;
				GCC_WARN_UNINITIALIZED_AUTOS = YES_AGGRESSIVE;
				GCC_WARN_UNUSED_FUNCTION = YES;
				GCC_WARN_UNUSED_VARIABLE = YES;
				IPHONEOS_DEPLOYMENT_TARGET = 14.5;
				MTL_ENABLE_DEBUG_INFO = NO;
				MTL_FAST_MATH = YES;
				SDKROOT = iphoneos;
				SWIFT_COMPILATION_MODE = wholemodule;
				SWIFT_OPTIMIZATION_LEVEL = "-O";
				VALIDATE_PRODUCT = YES;
			};
			name = Release;
		};
		A01A3397269A0D3400FC0A63 /* Debug */ = {
			isa = XCBuildConfiguration;
			buildSettings = {
				ASSETCATALOG_COMPILER_APPICON_NAME = AppIcon;
				ASSETCATALOG_COMPILER_GLOBAL_ACCENT_COLOR_NAME = AccentColor;
				CODE_SIGN_STYLE = Automatic;
				DEVELOPMENT_TEAM = 2DR6VCAQ4L;
				INFOPLIST_FILE = VKClient/Info.plist;
				LD_RUNPATH_SEARCH_PATHS = (
					"$(inherited)",
					"@executable_path/Frameworks",
				);
				PRODUCT_BUNDLE_IDENTIFIER = pK.VKClient;
				PRODUCT_NAME = "$(TARGET_NAME)";
				SWIFT_VERSION = 5.0;
				TARGETED_DEVICE_FAMILY = "1,2";
			};
			name = Debug;
		};
		A01A3398269A0D3400FC0A63 /* Release */ = {
			isa = XCBuildConfiguration;
			buildSettings = {
				ASSETCATALOG_COMPILER_APPICON_NAME = AppIcon;
				ASSETCATALOG_COMPILER_GLOBAL_ACCENT_COLOR_NAME = AccentColor;
				CODE_SIGN_STYLE = Automatic;
				DEVELOPMENT_TEAM = 2DR6VCAQ4L;
				INFOPLIST_FILE = VKClient/Info.plist;
				LD_RUNPATH_SEARCH_PATHS = (
					"$(inherited)",
					"@executable_path/Frameworks",
				);
				PRODUCT_BUNDLE_IDENTIFIER = pK.VKClient;
				PRODUCT_NAME = "$(TARGET_NAME)";
				SWIFT_VERSION = 5.0;
				TARGETED_DEVICE_FAMILY = "1,2";
			};
			name = Release;
		};
/* End XCBuildConfiguration section */

/* Begin XCConfigurationList section */
		A01A337D269A0D3200FC0A63 /* Build configuration list for PBXProject "VKClient" */ = {
			isa = XCConfigurationList;
			buildConfigurations = (
				A01A3394269A0D3400FC0A63 /* Debug */,
				A01A3395269A0D3400FC0A63 /* Release */,
			);
			defaultConfigurationIsVisible = 0;
			defaultConfigurationName = Release;
		};
		A01A3396269A0D3400FC0A63 /* Build configuration list for PBXNativeTarget "VKClient" */ = {
			isa = XCConfigurationList;
			buildConfigurations = (
				A01A3397269A0D3400FC0A63 /* Debug */,
				A01A3398269A0D3400FC0A63 /* Release */,
			);
			defaultConfigurationIsVisible = 0;
			defaultConfigurationName = Release;
		};
/* End XCConfigurationList section */

/* Begin XCRemoteSwiftPackageReference section */
		A058FB6E26F3EA6000011476 /* XCRemoteSwiftPackageReference "SwiftKeychainWrapper" */ = {
			isa = XCRemoteSwiftPackageReference;
			repositoryURL = "https://github.com/jrendel/SwiftKeychainWrapper";
			requirement = {
				kind = upToNextMajorVersion;
				minimumVersion = 4.0.1;
			};
		};
		A0C6376626DC165400C9C536 /* XCRemoteSwiftPackageReference "Alamofire" */ = {
			isa = XCRemoteSwiftPackageReference;
			repositoryURL = "https://github.com/Alamofire/Alamofire.git";
			requirement = {
				kind = upToNextMajorVersion;
				minimumVersion = 5.4.3;
			};
		};
		A0C6377526E7CE9F00C9C536 /* XCRemoteSwiftPackageReference "SwiftyJSON" */ = {
			isa = XCRemoteSwiftPackageReference;
			repositoryURL = "https://github.com/SwiftyJSON/SwiftyJSON.git";
			requirement = {
				kind = upToNextMajorVersion;
				minimumVersion = 5.0.1;
			};
		};
		A0C6377826E7CEB400C9C536 /* XCRemoteSwiftPackageReference "Kingfisher" */ = {
			isa = XCRemoteSwiftPackageReference;
			repositoryURL = "https://github.com/onevcat/Kingfisher.git";
			requirement = {
				kind = upToNextMajorVersion;
				minimumVersion = 6.3.1;
			};
		};
/* End XCRemoteSwiftPackageReference section */

/* Begin XCSwiftPackageProductDependency section */
		A058FB6F26F3EA6100011476 /* SwiftKeychainWrapper */ = {
			isa = XCSwiftPackageProductDependency;
			package = A058FB6E26F3EA6000011476 /* XCRemoteSwiftPackageReference "SwiftKeychainWrapper" */;
			productName = SwiftKeychainWrapper;
		};
		A0C6376726DC165400C9C536 /* Alamofire */ = {
			isa = XCSwiftPackageProductDependency;
			package = A0C6376626DC165400C9C536 /* XCRemoteSwiftPackageReference "Alamofire" */;
			productName = Alamofire;
		};
		A0C6377626E7CE9F00C9C536 /* SwiftyJSON */ = {
			isa = XCSwiftPackageProductDependency;
			package = A0C6377526E7CE9F00C9C536 /* XCRemoteSwiftPackageReference "SwiftyJSON" */;
			productName = SwiftyJSON;
		};
		A0C6377926E7CEB400C9C536 /* Kingfisher */ = {
			isa = XCSwiftPackageProductDependency;
			package = A0C6377826E7CEB400C9C536 /* XCRemoteSwiftPackageReference "Kingfisher" */;
			productName = Kingfisher;
		};
/* End XCSwiftPackageProductDependency section */
	};
	rootObject = A01A337A269A0D3200FC0A63 /* Project object */;
}
